
Microsoft Visual Studio Solution File, Format Version 12.00
# Visual Studio 15
VisualStudioVersion = 15.0.28307.1300
MinimumVisualStudioVersion = 10.0.40219.1
Project("{FAE04EC0-301F-11D3-BF4B-00C04F79EFBC}") = "AutoDoc", "AutoDoc\AutoDoc.csproj", "{0AD61C08-834F-4121-B77A-59C898E24C02}"
EndProject
Project("{FAE04EC0-301F-11D3-BF4B-00C04F79EFBC}") = "Tests", "Tests\Tests.csproj", "{A2DF770E-9370-4AFC-9D58-15DD899DC954}"
EndProject
Global
	GlobalSection(SolutionConfigurationPlatforms) = preSolution
		Debug|Any CPU = Debug|Any CPU
		Release|Any CPU = Release|Any CPU
	EndGlobalSection
	GlobalSection(ProjectConfigurationPlatforms) = postSolution
		{0AD61C08-834F-4121-B77A-59C898E24C02}.Debug|Any CPU.ActiveCfg = Debug|Any CPU
		{0AD61C08-834F-4121-B77A-59C898E24C02}.Debug|Any CPU.Build.0 = Debug|Any CPU
		{0AD61C08-834F-4121-B77A-59C898E24C02}.Release|Any CPU.ActiveCfg = Release|Any CPU
		{0AD61C08-834F-4121-B77A-59C898E24C02}.Release|Any CPU.Build.0 = Release|Any CPU
		{A2DF770E-9370-4AFC-9D58-15DD899DC954}.Debug|Any CPU.ActiveCfg = Debug|Any CPU
		{A2DF770E-9370-4AFC-9D58-15DD899DC954}.Debug|Any CPU.Build.0 = Debug|Any CPU
		{A2DF770E-9370-4AFC-9D58-15DD899DC954}.Release|Any CPU.ActiveCfg = Release|Any CPU
		{A2DF770E-9370-4AFC-9D58-15DD899DC954}.Release|Any CPU.Build.0 = Release|Any CPU
	EndGlobalSection
	GlobalSection(SolutionProperties) = preSolution
		HideSolutionNode = FALSE
	EndGlobalSection
	GlobalSection(ExtensibilityGlobals) = postSolution
		SolutionGuid = {40C7599F-517A-4E50-B988-256682CAE397}
	EndGlobalSection
EndGlobal
